# Apex V2 CI/development dependency lock for CPython 3.12.
# Runtime packages are duplicated intentionally: installation uses --no-deps and
# must not consult the resolver for undeclared transitive packages.
annotated-doc==0.0.5
certifi==2026.7.22
charset-normalizer==3.5.1
coverage==7.15.4
idna==3.19
iniconfig==2.3.0
markdown-it-py==4.2.0
mdurl==0.1.2
numpy==2.5.2
packaging==26.3
pandas==2.3.3
pluggy==1.6.0
Pygments==2.21.0
pytest==8.4.2
pytest-cov==6.3.0
python-dateutil==2.9.0.post0
pytz==2026.3.post1
PyYAML==6.0.3
requests==2.34.2
rich==14.3.4
ruff==0.16.4
scipy==1.18.1
setuptools==84.0.0
shellingham==1.5.4
six==1.17.0
tabulate==0.10.0
typer==0.27.1
tzdata==2026.3
urllib3==2.7.0
wheel==0.48.0
